
Microsoft Visual Studio Solution File, Format Version 12.00
# Visual Studio Version 17
VisualStudioVersion = 17.2.32505.173
MinimumVisualStudioVersion = 10.0.40219.1
Project("{9A19103F-16F7-4668-BE54-9A1E7A4F7556}") = "OCR Fusion", "OCR Fusion\OCR Fusion.csproj", "{52877F29-1E5E-45C6-9583-196DE3C99D33}"
EndProject
Project("{FAE04EC0-301F-11D3-BF4B-00C04F79EFBC}") = "OCR Explorer", "OCR Explorer\OCR Explorer.csproj", "{30A25C84-DFE7-4C4B-A08A-C017837C5049}"
EndProject
Project("{FAE04EC0-301F-11D3-BF4B-00C04F79EFBC}") = "APIObject", "APIObject\APIObject.csproj", "{0C1268D6-9094-4C6D-8FB2-01379D64230F}"
EndProject
Global
	GlobalSection(SolutionConfigurationPlatforms) = preSolution
		Debug|Any CPU = Debug|Any CPU
		Release|Any CPU = Release|Any CPU
	EndGlobalSection
	GlobalSection(ProjectConfigurationPlatforms) = postSolution
		{52877F29-1E5E-45C6-9583-196DE3C99D33}.Debug|Any CPU.ActiveCfg = Debug|Any CPU
		{52877F29-1E5E-45C6-9583-196DE3C99D33}.Debug|Any CPU.Build.0 = Debug|Any CPU
		{52877F29-1E5E-45C6-9583-196DE3C99D33}.Release|Any CPU.ActiveCfg = Release|Any CPU
		{52877F29-1E5E-45C6-9583-196DE3C99D33}.Release|Any CPU.Build.0 = Release|Any CPU
		{30A25C84-DFE7-4C4B-A08A-C017837C5049}.Debug|Any CPU.ActiveCfg = Debug|Any CPU
		{30A25C84-DFE7-4C4B-A08A-C017837C5049}.Debug|Any CPU.Build.0 = Debug|Any CPU
		{30A25C84-DFE7-4C4B-A08A-C017837C5049}.Release|Any CPU.ActiveCfg = Release|Any CPU
		{30A25C84-DFE7-4C4B-A08A-C017837C5049}.Release|Any CPU.Build.0 = Release|Any CPU
		{0C1268D6-9094-4C6D-8FB2-01379D64230F}.Debug|Any CPU.ActiveCfg = Debug|Any CPU
		{0C1268D6-9094-4C6D-8FB2-01379D64230F}.Debug|Any CPU.Build.0 = Debug|Any CPU
		{0C1268D6-9094-4C6D-8FB2-01379D64230F}.Release|Any CPU.ActiveCfg = Release|Any CPU
		{0C1268D6-9094-4C6D-8FB2-01379D64230F}.Release|Any CPU.Build.0 = Release|Any CPU
	EndGlobalSection
	GlobalSection(SolutionProperties) = preSolution
		HideSolutionNode = FALSE
	EndGlobalSection
	GlobalSection(ExtensibilityGlobals) = postSolution
		SolutionGuid = {9210E396-E0DC-465C-8617-D3871053F0BB}
	EndGlobalSection
EndGlobal
